
Microsoft Visual Studio Solution File, Format Version 12.00
# Visual Studio Version 17
VisualStudioVersion = 17.1.32328.378
MinimumVisualStudioVersion = 10.0.40219.1
Project("{FAE04EC0-301F-11D3-BF4B-00C04F79EFBC}") = "GestionStock", "GestionStock.csproj", "{F70CB09B-4E83-44F4-9D01-C747B679D2FB}"
EndProject
Global
	GlobalSection(SolutionConfigurationPlatforms) = preSolution
		Debug|Any CPU = Debug|Any CPU
		Release|Any CPU = Release|Any CPU
	EndGlobalSection
	GlobalSection(ProjectConfigurationPlatforms) = postSolution
		{F70CB09B-4E83-44F4-9D01-C747B679D2FB}.Debug|Any CPU.ActiveCfg = Debug|Any CPU
		{F70CB09B-4E83-44F4-9D01-C747B679D2FB}.Debug|Any CPU.Build.0 = Debug|Any CPU
		{F70CB09B-4E83-44F4-9D01-C747B679D2FB}.Release|Any CPU.ActiveCfg = Release|Any CPU
		{F70CB09B-4E83-44F4-9D01-C747B679D2FB}.Release|Any CPU.Build.0 = Release|Any CPU
	EndGlobalSection
	GlobalSection(SolutionProperties) = preSolution
		HideSolutionNode = FALSE
	EndGlobalSection
	GlobalSection(ExtensibilityGlobals) = postSolution
		SolutionGuid = {B3C5156A-D8CB-48E8-A6F5-EC04125873E1}
	EndGlobalSection
EndGlobal
